// !$*UTF8*$!
{
	archiveVersion = 1;
	classes = {
	};
	objectVersion = 50;
	objects = {

/* Begin PBXBuildFile section */
		D896681320E3482600D39AAD /* AppDelegate.m in Sources */ = {isa = PBXBuildFile; fileRef = D896681220E3482600D39AAD /* AppDelegate.m */; };
		D896681620E3482600D39AAD /* ViewController.m in Sources */ = {isa = PBXBuildFile; fileRef = D896681520E3482600D39AAD /* ViewController.m */; };
		D896681920E3482600D39AAD /* Main.storyboard in Resources */ = {isa = PBXBuildFile; fileRef = D896681720E3482600D39AAD /* Main.storyboard */; };
		D896681B20E3482700D39AAD /* Assets.xcassets in Resources */ = {isa = PBXBuildFile; fileRef = D896681A20E3482700D39AAD /* Assets.xcassets */; };
		D896681E20E3482700D39AAD /* LaunchScreen.storyboard in Resources */ = {isa = PBXBuildFile; fileRef = D896681C20E3482700D39AAD /* LaunchScreen.storyboard */; };
		D896682120E3482700D39AAD /* main.m in Sources */ = {isa = PBXBuildFile; fileRef = D896682020E3482700D39AAD /* main.m */; };
		D896682920E3486800D39AAD /* UIFont+FontSize.m in Sources */ = {isa = PBXBuildFile; fileRef = D896682820E3486800D39AAD /* UIFont+FontSize.m */; };
/* End PBXBuildFile section */

/* Begin PBXFileReference section */
		D896680E20E3482600D39AAD /* PTLUIFont.app */ = {isa = PBXFileReference; explicitFileType = wrapper.application; includeInIndex = 0; path = PTLUIFont.app; sourceTree = BUILT_PRODUCTS_DIR; };
		D896681120E3482600D39AAD /* AppDelegate.h */ = {isa = PBXFileReference; lastKnownFileType = sourcecode.c.h; path = AppDelegate.h; sourceTree = "<group>"; };
		D896681220E3482600D39AAD /* AppDelegate.m */ = {isa = PBXFileReference; lastKnownFileType = sourcecode.c.objc; path = AppDelegate.m; sourceTree = "<group>"; };
		D896681420E3482600D39AAD /* ViewController.h */ = {isa = PBXFileReference; lastKnownFileType = sourcecode.c.h; path = ViewController.h; sourceTree = "<group>"; };
		D896681520E3482600D39AAD /* ViewController.m */ = {isa = PBXFileReference; lastKnownFileType = sourcecode.c.objc; path = ViewController.m; sourceTree = "<group>"; };
		D896681820E3482600D39AAD /* Base */ = {isa = PBXFileReference; lastKnownFileType = file.storyboard; name = Base; path = Base.lproj/Main.storyboard; sourceTree = "<group>"; };
		D896681A20E3482700D39AAD /* Assets.xcassets */ = {isa = PBXFileReference; lastKnownFileType = folder.assetcatalog; path = Assets.xcassets; sourceTree = "<group>"; };
		D896681D20E3482700D39AAD /* Base */ = {isa = PBXFileReference; lastKnownFileType = file.storyboard; name = Base; path = Base.lproj/LaunchScreen.storyboard; sourceTree = "<group>"; };
		D896681F20E3482700D39AAD /* Info.plist */ = {isa = PBXFileReference; lastKnownFileType = text.plist.xml; path = Info.plist; sourceTree = "<group>"; };
		D896682020E3482700D39AAD /* main.m */ = {isa = PBXFileReference; lastKnownFileType = sourcecode.c.objc; path = main.m; sourceTree = "<group>"; };
		D896682720E3486800D39AAD /* UIFont+FontSize.h */ = {isa = PBXFileReference; lastKnownFileType = sourcecode.c.h; path = "UIFont+FontSize.h"; sourceTree = "<group>"; };
		D896682820E3486800D39AAD /* UIFont+FontSize.m */ = {isa = PBXFileReference; lastKnownFileType = sourcecode.c.objc; path = "UIFont+FontSize.m"; sourceTree = "<group>"; };
/* End PBXFileReference section */

/* Begin PBXFrameworksBuildPhase section */
		D896680B20E3482600D39AAD /* Frameworks */ = {
			isa = PBXFrameworksBuildPhase;
			buildActionMask = 2147483647;
			files = (
			);
			runOnlyForDeploymentPostprocessing = 0;
		};
/* End PBXFrameworksBuildPhase section */

/* Begin PBXGroup section */
		D896680520E3482600D39AAD = {
			isa = PBXGroup;
			children = (
				D896681020E3482600D39AAD /* PTLUIFont */,
				D896680F20E3482600D39AAD /* Products */,
			);
			sourceTree = "<group>";
		};
		D896680F20E3482600D39AAD /* Products */ = {
			isa = PBXGroup;
			children = (
				D896680E20E3482600D39AAD /* PTLUIFont.app */,
			);
			name = Products;
			sourceTree = "<group>";
		};
		D896681020E3482600D39AAD /* PTLUIFont */ = {
			isa = PBXGroup;
			children = (
				D896682A20E34AEB00D39AAD /* PTLUIFont */,
				D896681120E3482600D39AAD /* AppDelegate.h */,
				D896681220E3482600D39AAD /* AppDelegate.m */,
				D896681420E3482600D39AAD /* ViewController.h */,
				D896681520E3482600D39AAD /* ViewController.m */,
				D896681720E3482600D39AAD /* Main.storyboard */,
				D896681A20E3482700D39AAD /* Assets.xcassets */,
				D896681C20E3482700D39AAD /* LaunchScreen.storyboard */,
				D896681F20E3482700D39AAD /* Info.plist */,
				D896682020E3482700D39AAD /* main.m */,
			);
			path = PTLUIFont;
			sourceTree = "<group>";
		};
		D896682A20E34AEB00D39AAD /* PTLUIFont */ = {
			isa = PBXGroup;
			children = (
				D896682720E3486800D39AAD /* UIFont+FontSize.h */,
				D896682820E3486800D39AAD /* UIFont+FontSize.m */,
			);
			path = PTLUIFont;
			sourceTree = "<group>";
		};
/* End PBXGroup section */

/* Begin PBXNativeTarget section */
		D896680D20E3482600D39AAD /* PTLUIFont */ = {
			isa = PBXNativeTarget;
			buildConfigurationList = D896682420E3482700D39AAD /* Build configuration list for PBXNativeTarget "PTLUIFont" */;
			buildPhases = (
				D896680A20E3482600D39AAD /* Sources */,
				D896680B20E3482600D39AAD /* Frameworks */,
				D896680C20E3482600D39AAD /* Resources */,
			);
			buildRules = (
			);
			dependencies = (
			);
			name = PTLUIFont;
			productName = PTLUIFont;
			productReference = D896680E20E3482600D39AAD /* PTLUIFont.app */;
			productType = "com.apple.product-type.application";
		};
/* End PBXNativeTarget section */

/* Begin PBXProject section */
		D896680620E3482600D39AAD /* Project object */ = {
			isa = PBXProject;
			attributes = {
				LastUpgradeCheck = 0940;
				ORGANIZATIONNAME = PTLCoder;
				TargetAttributes = {
					D896680D20E3482600D39AAD = {
						CreatedOnToolsVersion = 9.4;
					};
				};
			};
			buildConfigurationList = D896680920E3482600D39AAD /* Build configuration list for PBXProject "PTLUIFont" */;
			compatibilityVersion = "Xcode 9.3";
			developmentRegion = en;
			hasScannedForEncodings = 0;
			knownRegions = (
				en,
				Base,
			);
			mainGroup = D896680520E3482600D39AAD;
			productRefGroup = D896680F20E3482600D39AAD /* Products */;
			projectDirPath = "";
			projectRoot = "";
			targets = (
				D896680D20E3482600D39AAD /* PTLUIFont */,
			);
		};
/* End PBXProject section */

/* Begin PBXResourcesBuildPhase section */
		D896680C20E3482600D39AAD /* Resources */ = {
			isa = PBXResourcesBuildPhase;
			buildActionMask = 2147483647;
			files = (
				D896681E20E3482700D39AAD /* LaunchScreen.storyboard in Resources */,
				D896681B20E3482700D39AAD /* Assets.xcassets in Resources */,
				D896681920E3482600D39AAD /* Main.storyboard in Resources */,
			);
			runOnlyForDeploymentPostprocessing = 0;
		};
/* End PBXResourcesBuildPhase section */

/* Begin PBXSourcesBuildPhase section */
		D896680A20E3482600D39AAD /* Sources */ = {
			isa = PBXSourcesBuildPhase;
			buildActionMask = 2147483647;
			files = (
				D896681620E3482600D39AAD /* ViewController.m in Sources */,
				D896682120E3482700D39AAD /* main.m in Sources */,
				D896681320E3482600D39AAD /* AppDelegate.m in Sources */,
				D896682920E3486800D39AAD /* UIFont+FontSize.m in Sources */,
			);
			runOnlyForDeploymentPostprocessing = 0;
		};
/* End PBXSourcesBuildPhase section */

/* Begin PBXVariantGroup section */
		D896681720E3482600D39AAD /* Main.storyboard */ = {
			isa = PBXVariantGroup;
			children = (
				D896681820E3482600D39AAD /* Base */,
			);
			name = Main.storyboard;
			sourceTree = "<group>";
		};
		D896681C20E3482700D39AAD /* LaunchScreen.storyboard */ = {
			isa = PBXVariantGroup;
			children = (
				D896681D20E3482700D39AAD /* Base */,
			);
			name = LaunchScreen.storyboard;
			sourceTree = "<group>";
		};
/* End PBXVariantGroup section */

/* Begin XCBuildConfiguration section */
		D896682220E3482700D39AAD /* Debug */ = {
			isa = XCBuildConfiguration;
			buildSettings = {
				ALWAYS_SEARCH_USER_PATHS = NO;
				CLANG_ANALYZER_NONNULL = YES;
				CLANG_ANALYZER_NUMBER_OBJECT_CONVERSION = YES_AGGRESSIVE;
				CLANG_CXX_LANGUAGE_STANDARD = "gnu++14";
				CLANG_CXX_LIBRARY = "libc++";
				CLANG_ENABLE_MODULES = YES;
				CLANG_ENABLE_OBJC_ARC = YES;
				CLANG_ENABLE_OBJC_WEAK = YES;
				CLANG_WARN_BLOCK_CAPTURE_AUTORELEASING = YES;
				CLANG_WARN_BOOL_CONVERSION = YES;
				CLANG_WARN_COMMA = YES;
				CLANG_WARN_CONSTANT_CONVERSION = YES;
				CLANG_WARN_DEPRECATED_OBJC_IMPLEMENTATIONS = YES;
				CLANG_WARN_DIRECT_OBJC_ISA_USAGE = YES_ERROR;
				CLANG_WARN_DOCUMENTATION_COMMENTS = YES;
				CLANG_WARN_EMPTY_BODY = YES;
				CLANG_WARN_ENUM_CONVERSION = YES;
				CLANG_WARN_INFINITE_RECURSION = YES;
				CLANG_WARN_INT_CONVERSION = YES;
				CLANG_WARN_NON_LITERAL_NULL_CONVERSION = YES;
				CLANG_WARN_OBJC_IMPLICIT_RETAIN_SELF = YES;
				CLANG_WARN_OBJC_LITERAL_CONVERSION = YES;
				CLANG_WARN_OBJC_ROOT_CLASS = YES_ERROR;
				CLANG_WARN_RANGE_LOOP_ANALYSIS = YES;
				CLANG_WARN_STRICT_PROTOTYPES = YES;
				CLANG_WARN_SUSPICIOUS_MOVE = YES;
				CLANG_WARN_UNGUARDED_AVAILABILITY = YES_AGGRESSIVE;
				CLANG_WARN_UNREACHABLE_CODE = YES;
				CLANG_WARN__DUPLICATE_METHOD_MATCH = YES;
				CODE_SIGN_IDENTITY = "iPhone Developer";
				COPY_PHASE_STRIP = NO;
				DEBUG_INFORMATION_FORMAT = dwarf;
				ENABLE_STRICT_OBJC_MSGSEND = YES;
				ENABLE_TESTABILITY = YES;
				GCC_C_LANGUAGE_STANDARD = gnu11;
				GCC_DYNAMIC_NO_PIC = NO;
				GCC_NO_COMMON_BLOCKS = YES;
				GCC_OPTIMIZATION_LEVEL = 0;
				GCC_PREPROCESSOR_DEFINITIONS = (
					"DEBUG=1",
					"$(inherited)",
				);
				GCC_WARN_64_TO_32_BIT_CONVERSION = YES;
				GCC_WARN_ABOUT_RETURN_TYPE = YES_ERROR;
				GCC_WARN_UNDECLARED_SELECTOR = YES;
				GCC_WARN_UNINITIALIZED_AUTOS = YES_AGGRESSIVE;
				GCC_WARN_UNUSED_FUNCTION = YES;
				GCC_WARN_UNUSED_VARIABLE = YES;
				IPHONEOS_DEPLOYMENT_TARGET = 11.4;
				MTL_ENABLE_DEBUG_INFO = YES;
				ONLY_ACTIVE_ARCH = YES;
				SDKROOT = iphoneos;
			};
			name = Debug;
		};
		D896682320E3482700D39AAD /* Release */ = {
			isa = XCBuildConfiguration;
			buildSettings = {
				ALWAYS_SEARCH_USER_PATHS = NO;
				CLANG_ANALYZER_NONNULL = YES;
				CLANG_ANALYZER_NUMBER_OBJECT_CONVERSION = YES_AGGRESSIVE;
				CLANG_CXX_LANGUAGE_STANDARD = "gnu++14";
				CLANG_CXX_LIBRARY = "libc++";
				CLANG_ENABLE_MODULES = YES;
				CLANG_ENABLE_OBJC_ARC = YES;
				CLANG_ENABLE_OBJC_WEAK = YES;
				CLANG_WARN_BLOCK_CAPTURE_AUTORELEASING = YES;
				CLANG_WARN_BOOL_CONVERSION = YES;
				CLANG_WARN_COMMA = YES;
				CLANG_WARN_CONSTANT_CONVERSION = YES;
				CLANG_WARN_DEPRECATED_OBJC_IMPLEMENTATIONS = YES;
				CLANG_WARN_DIRECT_OBJC_ISA_USAGE = YES_ERROR;
				CLANG_WARN_DOCUMENTATION_COMMENTS = YES;
				CLANG_WARN_EMPTY_BODY = YES;
				CLANG_WARN_ENUM_CONVERSION = YES;
				CLANG_WARN_INFINITE_RECURSION = YES;
				CLANG_WARN_INT_CONVERSION = YES;
				CLANG_WARN_NON_LITERAL_NULL_CONVERSION = YES;
				CLANG_WARN_OBJC_IMPLICIT_RETAIN_SELF = YES;
				CLANG_WARN_OBJC_LITERAL_CONVERSION = YES;
				CLANG_WARN_OBJC_ROOT_CLASS = YES_ERROR;
				CLANG_WARN_RANGE_LOOP_ANALYSIS = YES;
				CLANG_WARN_STRICT_PROTOTYPES = YES;
				CLANG_WARN_SUSPICIOUS_MOVE = YES;
				CLANG_WARN_UNGUARDED_AVAILABILITY = YES_AGGRESSIVE;
				CLANG_WARN_UNREACHABLE_CODE = YES;
				CLANG_WARN__DUPLICATE_METHOD_MATCH = YES;
				CODE_SIGN_IDENTITY = "iPhone Developer";
				COPY_PHASE_STRIP = NO;
				DEBUG_INFORMATION_FORMAT = "dwarf-with-dsym";
				ENABLE_NS_ASSERTIONS = NO;
				ENABLE_STRICT_OBJC_MSGSEND = YES;
				GCC_C_LANGUAGE_STANDARD = gnu11;
				GCC_NO_COMMON_BLOCKS = YES;
				GCC_WARN_64_TO_32_BIT_CONVERSION = YES;
				GCC_WARN_ABOUT_RETURN_TYPE = YES_ERROR;
				GCC_WARN_UNDECLARED_SELECTOR = YES;
				GCC_WARN_UNINITIALIZED_AUTOS = YES_AGGRESSIVE;
				GCC_WARN_UNUSED_FUNCTION = YES;
				GCC_WARN_UNUSED_VARIABLE = YES;
				IPHONEOS_DEPLOYMENT_TARGET = 11.4;
				MTL_ENABLE_DEBUG_INFO = NO;
				SDKROOT = iphoneos;
				VALIDATE_PRODUCT = YES;
			};
			name = Release;
		};
		D896682520E3482700D39AAD /* Debug */ = {
			isa = XCBuildConfiguration;
			buildSettings = {
				ASSETCATALOG_COMPILER_APPICON_NAME = AppIcon;
				CODE_SIGN_STYLE = Automatic;
				DEVELOPMENT_TEAM = XYBK7B7U6R;
				INFOPLIST_FILE = PTLUIFont/Info.plist;
				LD_RUNPATH_SEARCH_PATHS = (
					"$(inherited)",
					"@executable_path/Frameworks",
				);
				PRODUCT_BUNDLE_IDENTIFIER = com.ptlCoder.www.PTLUIFont;
				PRODUCT_NAME = "$(TARGET_NAME)";
				TARGETED_DEVICE_FAMILY = "1,2";
			};
			name = Debug;
		};
		D896682620E3482700D39AAD /* Release */ = {
			isa = XCBuildConfiguration;
			buildSettings = {
				ASSETCATALOG_COMPILER_APPICON_NAME = AppIcon;
				CODE_SIGN_STYLE = Automatic;
				DEVELOPMENT_TEAM = XYBK7B7U6R;
				INFOPLIST_FILE = PTLUIFont/Info.plist;
				LD_RUNPATH_SEARCH_PATHS = (
					"$(inherited)",
					"@executable_path/Frameworks",
				);
				PRODUCT_BUNDLE_IDENTIFIER = com.ptlCoder.www.PTLUIFont;
				PRODUCT_NAME = "$(TARGET_NAME)";
				TARGETED_DEVICE_FAMILY = "1,2";
			};
			name = Release;
		};
/* End XCBuildConfiguration section */

/* Begin XCConfigurationList section */
		D896680920E3482600D39AAD /* Build configuration list for PBXProject "PTLUIFont" */ = {
			isa = XCConfigurationList;
			buildConfigurations = (
				D896682220E3482700D39AAD /* Debug */,
				D896682320E3482700D39AAD /* Release */,
			);
			defaultConfigurationIsVisible = 0;
			defaultConfigurationName = Release;
		};
		D896682420E3482700D39AAD /* Build configuration list for PBXNativeTarget "PTLUIFont" */ = {
			isa = XCConfigurationList;
			buildConfigurations = (
				D896682520E3482700D39AAD /* Debug */,
				D896682620E3482700D39AAD /* Release */,
			);
			defaultConfigurationIsVisible = 0;
			defaultConfigurationName = Release;
		};
/* End XCConfigurationList section */
	};
	rootObject = D896680620E3482600D39AAD /* Project object */;
}
